
Microsoft Visual Studio Solution File, Format Version 12.00
# Visual Studio Version 16
VisualStudioVersion = 16.0.29905.134
MinimumVisualStudioVersion = 10.0.40219.1
Project("{FAE04EC0-301F-11D3-BF4B-00C04F79EFBC}") = "HttpWebRequestExample", "HttpWebRequestExample\HttpWebRequestExample.csproj", "{74E5ABFE-A18C-4383-9C36-33ACD06D7452}"
EndProject
Global
	GlobalSection(SolutionConfigurationPlatforms) = preSolution
		Debug|Any CPU = Debug|Any CPU
		Release|Any CPU = Release|Any CPU
	EndGlobalSection
	GlobalSection(ProjectConfigurationPlatforms) = postSolution
		{74E5ABFE-A18C-4383-9C36-33ACD06D7452}.Debug|Any CPU.ActiveCfg = Debug|Any CPU
		{74E5ABFE-A18C-4383-9C36-33ACD06D7452}.Debug|Any CPU.Build.0 = Debug|Any CPU
		{74E5ABFE-A18C-4383-9C36-33ACD06D7452}.Release|Any CPU.ActiveCfg = Release|Any CPU
		{74E5ABFE-A18C-4383-9C36-33ACD06D7452}.Release|Any CPU.Build.0 = Release|Any CPU
	EndGlobalSection
	GlobalSection(SolutionProperties) = preSolution
		HideSolutionNode = FALSE
	EndGlobalSection
	GlobalSection(ExtensibilityGlobals) = postSolution
		SolutionGuid = {BCB28F57-1F88-4842-8159-3CB15982D6D4}
	EndGlobalSection
EndGlobal
